// !$*UTF8*$!
{
	archiveVersion = 1;
	classes = {
	};
	objectVersion = 55;
	objects = {

/* Begin PBXBuildFile section */
		AEB9B7B227EC86FD00634B7F /* IAmRichSwiftUIApp.swift in Sources */ = {isa = PBXBuildFile; fileRef = AEB9B7B127EC86FD00634B7F /* IAmRichSwiftUIApp.swift */; };
		AEB9B7B427EC86FD00634B7F /* ContentView.swift in Sources */ = {isa = PBXBuildFile; fileRef = AEB9B7B327EC86FD00634B7F /* ContentView.swift */; };
		AEB9B7B627EC86FE00634B7F /* Assets.xcassets in Resources */ = {isa = PBXBuildFile; fileRef = AEB9B7B527EC86FE00634B7F /* Assets.xcassets */; };
		AEB9B7B927EC86FE00634B7F /* Preview Assets.xcassets in Resources */ = {isa = PBXBuildFile; fileRef = AEB9B7B827EC86FE00634B7F /* Preview Assets.xcassets */; };
		AEB9B7C327EC86FE00634B7F /* IAmRichSwiftUITests.swift in Sources */ = {isa = PBXBuildFile; fileRef = AEB9B7C227EC86FE00634B7F /* IAmRichSwiftUITests.swift */; };
		AEB9B7CD27EC86FE00634B7F /* IAmRichSwiftUIUITests.swift in Sources */ = {isa = PBXBuildFile; fileRef = AEB9B7CC27EC86FE00634B7F /* IAmRichSwiftUIUITests.swift */; };
		AEB9B7CF27EC86FE00634B7F /* IAmRichSwiftUIUITestsLaunchTests.swift in Sources */ = {isa = PBXBuildFile; fileRef = AEB9B7CE27EC86FE00634B7F /* IAmRichSwiftUIUITestsLaunchTests.swift */; };
/* End PBXBuildFile section */

/* Begin PBXContainerItemProxy section */
		AEB9B7BF27EC86FE00634B7F /* PBXContainerItemProxy */ = {
			isa = PBXContainerItemProxy;
			containerPortal = AEB9B7A627EC86FD00634B7F /* Project object */;
			proxyType = 1;
			remoteGlobalIDString = AEB9B7AD27EC86FD00634B7F;
			remoteInfo = IAmRichSwiftUI;
		};
		AEB9B7C927EC86FE00634B7F /* PBXContainerItemProxy */ = {
			isa = PBXContainerItemProxy;
			containerPortal = AEB9B7A627EC86FD00634B7F /* Project object */;
			proxyType = 1;
			remoteGlobalIDString = AEB9B7AD27EC86FD00634B7F;
			remoteInfo = IAmRichSwiftUI;
		};
/* End PBXContainerItemProxy section */

/* Begin PBXFileReference section */
		AEB9B7AE27EC86FD00634B7F /* IAmRichSwiftUI.app */ = {isa = PBXFileReference; explicitFileType = wrapper.application; includeInIndex = 0; path = IAmRichSwiftUI.app; sourceTree = BUILT_PRODUCTS_DIR; };
		AEB9B7B127EC86FD00634B7F /* IAmRichSwiftUIApp.swift */ = {isa = PBXFileReference; lastKnownFileType = sourcecode.swift; path = IAmRichSwiftUIApp.swift; sourceTree = "<group>"; };
		AEB9B7B327EC86FD00634B7F /* ContentView.swift */ = {isa = PBXFileReference; lastKnownFileType = sourcecode.swift; path = ContentView.swift; sourceTree = "<group>"; };
		AEB9B7B527EC86FE00634B7F /* Assets.xcassets */ = {isa = PBXFileReference; lastKnownFileType = folder.assetcatalog; path = Assets.xcassets; sourceTree = "<group>"; };
		AEB9B7B827EC86FE00634B7F /* Preview Assets.xcassets */ = {isa = PBXFileReference; lastKnownFileType = folder.assetcatalog; path = "Preview Assets.xcassets"; sourceTree = "<group>"; };
		AEB9B7BE27EC86FE00634B7F /* IAmRichSwiftUITests.xctest */ = {isa = PBXFileReference; explicitFileType = wrapper.cfbundle; includeInIndex = 0; path = IAmRichSwiftUITests.xctest; sourceTree = BUILT_PRODUCTS_DIR; };
		AEB9B7C227EC86FE00634B7F /* IAmRichSwiftUITests.swift */ = {isa = PBXFileReference; lastKnownFileType = sourcecode.swift; path = IAmRichSwiftUITests.swift; sourceTree = "<group>"; };
		AEB9B7C827EC86FE00634B7F /* IAmRichSwiftUIUITests.xctest */ = {isa = PBXFileReference; explicitFileType = wrapper.cfbundle; includeInIndex = 0; path = IAmRichSwiftUIUITests.xctest; sourceTree = BUILT_PRODUCTS_DIR; };
		AEB9B7CC27EC86FE00634B7F /* IAmRichSwiftUIUITests.swift */ = {isa = PBXFileReference; lastKnownFileType = sourcecode.swift; path = IAmRichSwiftUIUITests.swift; sourceTree = "<group>"; };
		AEB9B7CE27EC86FE00634B7F /* IAmRichSwiftUIUITestsLaunchTests.swift */ = {isa = PBXFileReference; lastKnownFileType = sourcecode.swift; path = IAmRichSwiftUIUITestsLaunchTests.swift; sourceTree = "<group>"; };
/* End PBXFileReference section */

/* Begin PBXFrameworksBuildPhase section */
		AEB9B7AB27EC86FD00634B7F /* Frameworks */ = {
			isa = PBXFrameworksBuildPhase;
			buildActionMask = 2147483647;
			files = (
			);
			runOnlyForDeploymentPostprocessing = 0;
		};
		AEB9B7BB27EC86FE00634B7F /* Frameworks */ = {
			isa = PBXFrameworksBuildPhase;
			buildActionMask = 2147483647;
			files = (
			);
			runOnlyForDeploymentPostprocessing = 0;
		};
		AEB9B7C527EC86FE00634B7F /* Frameworks */ = {
			isa = PBXFrameworksBuildPhase;
			buildActionMask = 2147483647;
			files = (
			);
			runOnlyForDeploymentPostprocessing = 0;
		};
/* End PBXFrameworksBuildPhase section */

/* Begin PBXGroup section */
		AEB9B7A527EC86FD00634B7F = {
			isa = PBXGroup;
			children = (
				AEB9B7B027EC86FD00634B7F /* IAmRichSwiftUI */,
				AEB9B7C127EC86FE00634B7F /* IAmRichSwiftUITests */,
				AEB9B7CB27EC86FE00634B7F /* IAmRichSwiftUIUITests */,
				AEB9B7AF27EC86FD00634B7F /* Products */,
			);
			sourceTree = "<group>";
		};
		AEB9B7AF27EC86FD00634B7F /* Products */ = {
			isa = PBXGroup;
			children = (
				AEB9B7AE27EC86FD00634B7F /* IAmRichSwiftUI.app */,
				AEB9B7BE27EC86FE00634B7F /* IAmRichSwiftUITests.xctest */,
				AEB9B7C827EC86FE00634B7F /* IAmRichSwiftUIUITests.xctest */,
			);
			name = Products;
			sourceTree = "<group>";
		};
		AEB9B7B027EC86FD00634B7F /* IAmRichSwiftUI */ = {
			isa = PBXGroup;
			children = (
				AEB9B7B527EC86FE00634B7F /* Assets.xcassets */,
				AEB9B7B127EC86FD00634B7F /* IAmRichSwiftUIApp.swift */,
				AEB9B84727EC953100634B7F /* Model */,
				AEB9B84827EC953E00634B7F /* View */,
				AEB9B84927EC954500634B7F /* ViewModel */,
				AEB9B7B727EC86FE00634B7F /* Preview Content */,
			);
			path = IAmRichSwiftUI;
			sourceTree = "<group>";
		};
		AEB9B7B727EC86FE00634B7F /* Preview Content */ = {
			isa = PBXGroup;
			children = (
				AEB9B7B827EC86FE00634B7F /* Preview Assets.xcassets */,
			);
			path = "Preview Content";
			sourceTree = "<group>";
		};
		AEB9B7C127EC86FE00634B7F /* IAmRichSwiftUITests */ = {
			isa = PBXGroup;
			children = (
				AEB9B7C227EC86FE00634B7F /* IAmRichSwiftUITests.swift */,
			);
			path = IAmRichSwiftUITests;
			sourceTree = "<group>";
		};
		AEB9B7CB27EC86FE00634B7F /* IAmRichSwiftUIUITests */ = {
			isa = PBXGroup;
			children = (
				AEB9B7CC27EC86FE00634B7F /* IAmRichSwiftUIUITests.swift */,
				AEB9B7CE27EC86FE00634B7F /* IAmRichSwiftUIUITestsLaunchTests.swift */,
			);
			path = IAmRichSwiftUIUITests;
			sourceTree = "<group>";
		};
		AEB9B84727EC953100634B7F /* Model */ = {
			isa = PBXGroup;
			children = (
			);
			path = Model;
			sourceTree = "<group>";
		};
		AEB9B84827EC953E00634B7F /* View */ = {
			isa = PBXGroup;
			children = (
				AEB9B7B327EC86FD00634B7F /* ContentView.swift */,
			);
			path = View;
			sourceTree = "<group>";
		};
		AEB9B84927EC954500634B7F /* ViewModel */ = {
			isa = PBXGroup;
			children = (
			);
			path = ViewModel;
			sourceTree = "<group>";
		};
/* End PBXGroup section */

/* Begin PBXNativeTarget section */
		AEB9B7AD27EC86FD00634B7F /* IAmRichSwiftUI */ = {
			isa = PBXNativeTarget;
			buildConfigurationList = AEB9B7D227EC86FE00634B7F /* Build configuration list for PBXNativeTarget "IAmRichSwiftUI" */;
			buildPhases = (
				AEB9B7AA27EC86FD00634B7F /* Sources */,
				AEB9B7AB27EC86FD00634B7F /* Frameworks */,
				AEB9B7AC27EC86FD00634B7F /* Resources */,
			);
			buildRules = (
			);
			dependencies = (
			);
			name = IAmRichSwiftUI;
			productName = IAmRichSwiftUI;
			productReference = AEB9B7AE27EC86FD00634B7F /* IAmRichSwiftUI.app */;
			productType = "com.apple.product-type.application";
		};
		AEB9B7BD27EC86FE00634B7F /* IAmRichSwiftUITests */ = {
			isa = PBXNativeTarget;
			buildConfigurationList = AEB9B7D527EC86FE00634B7F /* Build configuration list for PBXNativeTarget "IAmRichSwiftUITests" */;
			buildPhases = (
				AEB9B7BA27EC86FE00634B7F /* Sources */,
				AEB9B7BB27EC86FE00634B7F /* Frameworks */,
				AEB9B7BC27EC86FE00634B7F /* Resources */,
			);
			buildRules = (
			);
			dependencies = (
				AEB9B7C027EC86FE00634B7F /* PBXTargetDependency */,
			);
			name = IAmRichSwiftUITests;
			productName = IAmRichSwiftUITests;
			productReference = AEB9B7BE27EC86FE00634B7F /* IAmRichSwiftUITests.xctest */;
			productType = "com.apple.product-type.bundle.unit-test";
		};
		AEB9B7C727EC86FE00634B7F /* IAmRichSwiftUIUITests */ = {
			isa = PBXNativeTarget;
			buildConfigurationList = AEB9B7D827EC86FE00634B7F /* Build configuration list for PBXNativeTarget "IAmRichSwiftUIUITests" */;
			buildPhases = (
				AEB9B7C427EC86FE00634B7F /* Sources */,
				AEB9B7C527EC86FE00634B7F /* Frameworks */,
				AEB9B7C627EC86FE00634B7F /* Resources */,
			);
			buildRules = (
			);
			dependencies = (
				AEB9B7CA27EC86FE00634B7F /* PBXTargetDependency */,
			);
			name = IAmRichSwiftUIUITests;
			productName = IAmRichSwiftUIUITests;
			productReference = AEB9B7C827EC86FE00634B7F /* IAmRichSwiftUIUITests.xctest */;
			productType = "com.apple.product-type.bundle.ui-testing";
		};
/* End PBXNativeTarget section */

/* Begin PBXProject section */
		AEB9B7A627EC86FD00634B7F /* Project object */ = {
			isa = PBXProject;
			attributes = {
				BuildIndependentTargetsInParallel = 1;
				LastSwiftUpdateCheck = 1320;
				LastUpgradeCheck = 1320;
				TargetAttributes = {
					AEB9B7AD27EC86FD00634B7F = {
						CreatedOnToolsVersion = 13.2.1;
					};
					AEB9B7BD27EC86FE00634B7F = {
						CreatedOnToolsVersion = 13.2.1;
						TestTargetID = AEB9B7AD27EC86FD00634B7F;
					};
					AEB9B7C727EC86FE00634B7F = {
						CreatedOnToolsVersion = 13.2.1;
						TestTargetID = AEB9B7AD27EC86FD00634B7F;
					};
				};
			};
			buildConfigurationList = AEB9B7A927EC86FD00634B7F /* Build configuration list for PBXProject "IAmRichSwiftUI" */;
			compatibilityVersion = "Xcode 13.0";
			developmentRegion = en;
			hasScannedForEncodings = 0;
			knownRegions = (
				en,
				Base,
			);
			mainGroup = AEB9B7A527EC86FD00634B7F;
			productRefGroup = AEB9B7AF27EC86FD00634B7F /* Products */;
			projectDirPath = "";
			projectRoot = "";
			targets = (
				AEB9B7AD27EC86FD00634B7F /* IAmRichSwiftUI */,
				AEB9B7BD27EC86FE00634B7F /* IAmRichSwiftUITests */,
				AEB9B7C727EC86FE00634B7F /* IAmRichSwiftUIUITests */,
			);
		};
/* End PBXProject section */

/* Begin PBXResourcesBuildPhase section */
		AEB9B7AC27EC86FD00634B7F /* Resources */ = {
			isa = PBXResourcesBuildPhase;
			buildActionMask = 2147483647;
			files = (
				AEB9B7B927EC86FE00634B7F /* Preview Assets.xcassets in Resources */,
				AEB9B7B627EC86FE00634B7F /* Assets.xcassets in Resources */,
			);
			runOnlyForDeploymentPostprocessing = 0;
		};
		AEB9B7BC27EC86FE00634B7F /* Resources */ = {
			isa = PBXResourcesBuildPhase;
			buildActionMask = 2147483647;
			files = (
			);
			runOnlyForDeploymentPostprocessing = 0;
		};
		AEB9B7C627EC86FE00634B7F /* Resources */ = {
			isa = PBXResourcesBuildPhase;
			buildActionMask = 2147483647;
			files = (
			);
			runOnlyForDeploymentPostprocessing = 0;
		};
/* End PBXResourcesBuildPhase section */

/* Begin PBXSourcesBuildPhase section */
		AEB9B7AA27EC86FD00634B7F /* Sources */ = {
			isa = PBXSourcesBuildPhase;
			buildActionMask = 2147483647;
			files = (
				AEB9B7B427EC86FD00634B7F /* ContentView.swift in Sources */,
				AEB9B7B227EC86FD00634B7F /* IAmRichSwiftUIApp.swift in Sources */,
			);
			runOnlyForDeploymentPostprocessing = 0;
		};
		AEB9B7BA27EC86FE00634B7F /* Sources */ = {
			isa = PBXSourcesBuildPhase;
			buildActionMask = 2147483647;
			files = (
				AEB9B7C327EC86FE00634B7F /* IAmRichSwiftUITests.swift in Sources */,
			);
			runOnlyForDeploymentPostprocessing = 0;
		};
		AEB9B7C427EC86FE00634B7F /* Sources */ = {
			isa = PBXSourcesBuildPhase;
			buildActionMask = 2147483647;
			files = (
				AEB9B7CF27EC86FE00634B7F /* IAmRichSwiftUIUITestsLaunchTests.swift in Sources */,
				AEB9B7CD27EC86FE00634B7F /* IAmRichSwiftUIUITests.swift in Sources */,
			);
			runOnlyForDeploymentPostprocessing = 0;
		};
/* End PBXSourcesBuildPhase section */

/* Begin PBXTargetDependency section */
		AEB9B7C027EC86FE00634B7F /* PBXTargetDependency */ = {
			isa = PBXTargetDependency;
			target = AEB9B7AD27EC86FD00634B7F /* IAmRichSwiftUI */;
			targetProxy = AEB9B7BF27EC86FE00634B7F /* PBXContainerItemProxy */;
		};
		AEB9B7CA27EC86FE00634B7F /* PBXTargetDependency */ = {
			isa = PBXTargetDependency;
			target = AEB9B7AD27EC86FD00634B7F /* IAmRichSwiftUI */;
			targetProxy = AEB9B7C927EC86FE00634B7F /* PBXContainerItemProxy */;
		};
/* End PBXTargetDependency section */

/* Begin XCBuildConfiguration section */
		AEB9B7D027EC86FE00634B7F /* Debug */ = {
			isa = XCBuildConfiguration;
			buildSettings = {
				ALWAYS_SEARCH_USER_PATHS = NO;
				CLANG_ANALYZER_NONNULL = YES;
				CLANG_ANALYZER_NUMBER_OBJECT_CONVERSION = YES_AGGRESSIVE;
				CLANG_CXX_LANGUAGE_STANDARD = "gnu++17";
				CLANG_CXX_LIBRARY = "libc++";
				CLANG_ENABLE_MODULES = YES;
				CLANG_ENABLE_OBJC_ARC = YES;
				CLANG_ENABLE_OBJC_WEAK = YES;
				CLANG_WARN_BLOCK_CAPTURE_AUTORELEASING = YES;
				CLANG_WARN_BOOL_CONVERSION = YES;
				CLANG_WARN_COMMA = YES;
				CLANG_WARN_CONSTANT_CONVERSION = YES;
				CLANG_WARN_DEPRECATED_OBJC_IMPLEMENTATIONS = YES;
				CLANG_WARN_DIRECT_OBJC_ISA_USAGE = YES_ERROR;
				CLANG_WARN_DOCUMENTATION_COMMENTS = YES;
				CLANG_WARN_EMPTY_BODY = YES;
				CLANG_WARN_ENUM_CONVERSION = YES;
				CLANG_WARN_INFINITE_RECURSION = YES;
				CLANG_WARN_INT_CONVERSION = YES;
				CLANG_WARN_NON_LITERAL_NULL_CONVERSION = YES;
				CLANG_WARN_OBJC_IMPLICIT_RETAIN_SELF = YES;
				CLANG_WARN_OBJC_LITERAL_CONVERSION = YES;
				CLANG_WARN_OBJC_ROOT_CLASS = YES_ERROR;
				CLANG_WARN_QUOTED_INCLUDE_IN_FRAMEWORK_HEADER = YES;
				CLANG_WARN_RANGE_LOOP_ANALYSIS = YES;
				CLANG_WARN_STRICT_PROTOTYPES = YES;
				CLANG_WARN_SUSPICIOUS_MOVE = YES;
				CLANG_WARN_UNGUARDED_AVAILABILITY = YES_AGGRESSIVE;
				CLANG_WARN_UNREACHABLE_CODE = YES;
				CLANG_WARN__DUPLICATE_METHOD_MATCH = YES;
				COPY_PHASE_STRIP = NO;
				DEBUG_INFORMATION_FORMAT = dwarf;
				ENABLE_STRICT_OBJC_MSGSEND = YES;
				ENABLE_TESTABILITY = YES;
				GCC_C_LANGUAGE_STANDARD = gnu11;
				GCC_DYNAMIC_NO_PIC = NO;
				GCC_NO_COMMON_BLOCKS = YES;
				GCC_OPTIMIZATION_LEVEL = 0;
				GCC_PREPROCESSOR_DEFINITIONS = (
					"DEBUG=1",
					"$(inherited)",
				);
				GCC_WARN_64_TO_32_BIT_CONVERSION = YES;
				GCC_WARN_ABOUT_RETURN_TYPE = YES_ERROR;
				GCC_WARN_UNDECLARED_SELECTOR = YES;
				GCC_WARN_UNINITIALIZED_AUTOS = YES_AGGRESSIVE;
				GCC_WARN_UNUSED_FUNCTION = YES;
				GCC_WARN_UNUSED_VARIABLE = YES;
				IPHONEOS_DEPLOYMENT_TARGET = 15.2;
				MTL_ENABLE_DEBUG_INFO = INCLUDE_SOURCE;
				MTL_FAST_MATH = YES;
				ONLY_ACTIVE_ARCH = YES;
				SDKROOT = iphoneos;
				SWIFT_ACTIVE_COMPILATION_CONDITIONS = DEBUG;
				SWIFT_OPTIMIZATION_LEVEL = "-Onone";
			};
			name = Debug;
		};
		AEB9B7D127EC86FE00634B7F /* Release */ = {
			isa = XCBuildConfiguration;
			buildSettings = {
				ALWAYS_SEARCH_USER_PATHS = NO;
				CLANG_ANALYZER_NONNULL = YES;
				CLANG_ANALYZER_NUMBER_OBJECT_CONVERSION = YES_AGGRESSIVE;
				CLANG_CXX_LANGUAGE_STANDARD = "gnu++17";
				CLANG_CXX_LIBRARY = "libc++";
				CLANG_ENABLE_MODULES = YES;
				CLANG_ENABLE_OBJC_ARC = YES;
				CLANG_ENABLE_OBJC_WEAK = YES;
				CLANG_WARN_BLOCK_CAPTURE_AUTORELEASING = YES;
				CLANG_WARN_BOOL_CONVERSION = YES;
				CLANG_WARN_COMMA = YES;
				CLANG_WARN_CONSTANT_CONVERSION = YES;
				CLANG_WARN_DEPRECATED_OBJC_IMPLEMENTATIONS = YES;
				CLANG_WARN_DIRECT_OBJC_ISA_USAGE = YES_ERROR;
				CLANG_WARN_DOCUMENTATION_COMMENTS = YES;
				CLANG_WARN_EMPTY_BODY = YES;
				CLANG_WARN_ENUM_CONVERSION = YES;
				CLANG_WARN_INFINITE_RECURSION = YES;
				CLANG_WARN_INT_CONVERSION = YES;
				CLANG_WARN_NON_LITERAL_NULL_CONVERSION = YES;
				CLANG_WARN_OBJC_IMPLICIT_RETAIN_SELF = YES;
				CLANG_WARN_OBJC_LITERAL_CONVERSION = YES;
				CLANG_WARN_OBJC_ROOT_CLASS = YES_ERROR;
				CLANG_WARN_QUOTED_INCLUDE_IN_FRAMEWORK_HEADER = YES;
				CLANG_WARN_RANGE_LOOP_ANALYSIS = YES;
				CLANG_WARN_STRICT_PROTOTYPES = YES;
				CLANG_WARN_SUSPICIOUS_MOVE = YES;
				CLANG_WARN_UNGUARDED_AVAILABILITY = YES_AGGRESSIVE;
				CLANG_WARN_UNREACHABLE_CODE = YES;
				CLANG_WARN__DUPLICATE_METHOD_MATCH = YES;
				COPY_PHASE_STRIP = NO;
				DEBUG_INFORMATION_FORMAT = "dwarf-with-dsym";
				ENABLE_NS_ASSERTIONS = NO;
				ENABLE_STRICT_OBJC_MSGSEND = YES;
				GCC_C_LANGUAGE_STANDARD = gnu11;
				GCC_NO_COMMON_BLOCKS = YES;
				GCC_WARN_64_TO_32_BIT_CONVERSION = YES;
				GCC_WARN_ABOUT_RETURN_TYPE = YES_ERROR;
				GCC_WARN_UNDECLARED_SELECTOR = YES;
				GCC_WARN_UNINITIALIZED_AUTOS = YES_AGGRESSIVE;
				GCC_WARN_UNUSED_FUNCTION = YES;
				GCC_WARN_UNUSED_VARIABLE = YES;
				IPHONEOS_DEPLOYMENT_TARGET = 15.2;
				MTL_ENABLE_DEBUG_INFO = NO;
				MTL_FAST_MATH = YES;
				SDKROOT = iphoneos;
				SWIFT_COMPILATION_MODE = wholemodule;
				SWIFT_OPTIMIZATION_LEVEL = "-O";
				VALIDATE_PRODUCT = YES;
			};
			name = Release;
		};
		AEB9B7D327EC86FE00634B7F /* Debug */ = {
			isa = XCBuildConfiguration;
			buildSettings = {
				ASSETCATALOG_COMPILER_APPICON_NAME = AppIcon;
				ASSETCATALOG_COMPILER_GLOBAL_ACCENT_COLOR_NAME = AccentColor;
				CODE_SIGN_STYLE = Automatic;
				CURRENT_PROJECT_VERSION = 1;
				DEVELOPMENT_ASSET_PATHS = "\"IAmRichSwiftUI/Preview Content\"";
				ENABLE_PREVIEWS = YES;
				GENERATE_INFOPLIST_FILE = YES;
				INFOPLIST_KEY_UIApplicationSceneManifest_Generation = YES;
				INFOPLIST_KEY_UIApplicationSupportsIndirectInputEvents = YES;
				INFOPLIST_KEY_UILaunchScreen_Generation = YES;
				INFOPLIST_KEY_UISupportedInterfaceOrientations_iPad = "UIInterfaceOrientationPortrait UIInterfaceOrientationPortraitUpsideDown UIInterfaceOrientationLandscapeLeft UIInterfaceOrientationLandscapeRight";
				INFOPLIST_KEY_UISupportedInterfaceOrientations_iPhone = "UIInterfaceOrientationPortrait UIInterfaceOrientationLandscapeLeft UIInterfaceOrientationLandscapeRight";
				LD_RUNPATH_SEARCH_PATHS = (
					"$(inherited)",
					"@executable_path/Frameworks",
				);
				MARKETING_VERSION = 1.0;
				PRODUCT_BUNDLE_IDENTIFIER = com.alicia.IAmRichSwiftUI;
				PRODUCT_NAME = "$(TARGET_NAME)";
				SWIFT_EMIT_LOC_STRINGS = YES;
				SWIFT_VERSION = 5.0;
				TARGETED_DEVICE_FAMILY = "1,2";
			};
			name = Debug;
		};
		AEB9B7D427EC86FE00634B7F /* Release */ = {
			isa = XCBuildConfiguration;
			buildSettings = {
				ASSETCATALOG_COMPILER_APPICON_NAME = AppIcon;
				ASSETCATALOG_COMPILER_GLOBAL_ACCENT_COLOR_NAME = AccentColor;
				CODE_SIGN_STYLE = Automatic;
				CURRENT_PROJECT_VERSION = 1;
				DEVELOPMENT_ASSET_PATHS = "\"IAmRichSwiftUI/Preview Content\"";
				ENABLE_PREVIEWS = YES;
				GENERATE_INFOPLIST_FILE = YES;
				INFOPLIST_KEY_UIApplicationSceneManifest_Generation = YES;
				INFOPLIST_KEY_UIApplicationSupportsIndirectInputEvents = YES;
				INFOPLIST_KEY_UILaunchScreen_Generation = YES;
				INFOPLIST_KEY_UISupportedInterfaceOrientations_iPad = "UIInterfaceOrientationPortrait UIInterfaceOrientationPortraitUpsideDown UIInterfaceOrientationLandscapeLeft UIInterfaceOrientationLandscapeRight";
				INFOPLIST_KEY_UISupportedInterfaceOrientations_iPhone = "UIInterfaceOrientationPortrait UIInterfaceOrientationLandscapeLeft UIInterfaceOrientationLandscapeRight";
				LD_RUNPATH_SEARCH_PATHS = (
					"$(inherited)",
					"@executable_path/Frameworks",
				);
				MARKETING_VERSION = 1.0;
				PRODUCT_BUNDLE_IDENTIFIER = com.alicia.IAmRichSwiftUI;
				PRODUCT_NAME = "$(TARGET_NAME)";
				SWIFT_EMIT_LOC_STRINGS = YES;
				SWIFT_VERSION = 5.0;
				TARGETED_DEVICE_FAMILY = "1,2";
			};
			name = Release;
		};
		AEB9B7D627EC86FE00634B7F /* Debug */ = {
			isa = XCBuildConfiguration;
			buildSettings = {
				ALWAYS_EMBED_SWIFT_STANDARD_LIBRARIES = YES;
				BUNDLE_LOADER = "$(TEST_HOST)";
				CODE_SIGN_STYLE = Automatic;
				CURRENT_PROJECT_VERSION = 1;
				GENERATE_INFOPLIST_FILE = YES;
				IPHONEOS_DEPLOYMENT_TARGET = 15.2;
				MARKETING_VERSION = 1.0;
				PRODUCT_BUNDLE_IDENTIFIER = com.alicia.IAmRichSwiftUITests;
				PRODUCT_NAME = "$(TARGET_NAME)";
				SWIFT_EMIT_LOC_STRINGS = NO;
				SWIFT_VERSION = 5.0;
				TARGETED_DEVICE_FAMILY = "1,2";
				TEST_HOST = "$(BUILT_PRODUCTS_DIR)/IAmRichSwiftUI.app/IAmRichSwiftUI";
			};
			name = Debug;
		};
		AEB9B7D727EC86FE00634B7F /* Release */ = {
			isa = XCBuildConfiguration;
			buildSettings = {
				ALWAYS_EMBED_SWIFT_STANDARD_LIBRARIES = YES;
				BUNDLE_LOADER = "$(TEST_HOST)";
				CODE_SIGN_STYLE = Automatic;
				CURRENT_PROJECT_VERSION = 1;
				GENERATE_INFOPLIST_FILE = YES;
				IPHONEOS_DEPLOYMENT_TARGET = 15.2;
				MARKETING_VERSION = 1.0;
				PRODUCT_BUNDLE_IDENTIFIER = com.alicia.IAmRichSwiftUITests;
				PRODUCT_NAME = "$(TARGET_NAME)";
				SWIFT_EMIT_LOC_STRINGS = NO;
				SWIFT_VERSION = 5.0;
				TARGETED_DEVICE_FAMILY = "1,2";
				TEST_HOST = "$(BUILT_PRODUCTS_DIR)/IAmRichSwiftUI.app/IAmRichSwiftUI";
			};
			name = Release;
		};
		AEB9B7D927EC86FE00634B7F /* Debug */ = {
			isa = XCBuildConfiguration;
			buildSettings = {
				ALWAYS_EMBED_SWIFT_STANDARD_LIBRARIES = YES;
				CODE_SIGN_STYLE = Automatic;
				CURRENT_PROJECT_VERSION = 1;
				GENERATE_INFOPLIST_FILE = YES;
				MARKETING_VERSION = 1.0;
				PRODUCT_BUNDLE_IDENTIFIER = com.alicia.IAmRichSwiftUIUITests;
				PRODUCT_NAME = "$(TARGET_NAME)";
				SWIFT_EMIT_LOC_STRINGS = NO;
				SWIFT_VERSION = 5.0;
				TARGETED_DEVICE_FAMILY = "1,2";
				TEST_TARGET_NAME = IAmRichSwiftUI;
			};
			name = Debug;
		};
		AEB9B7DA27EC86FE00634B7F /* Release */ = {
			isa = XCBuildConfiguration;
			buildSettings = {
				ALWAYS_EMBED_SWIFT_STANDARD_LIBRARIES = YES;
				CODE_SIGN_STYLE = Automatic;
				CURRENT_PROJECT_VERSION = 1;
				GENERATE_INFOPLIST_FILE = YES;
				MARKETING_VERSION = 1.0;
				PRODUCT_BUNDLE_IDENTIFIER = com.alicia.IAmRichSwiftUIUITests;
				PRODUCT_NAME = "$(TARGET_NAME)";
				SWIFT_EMIT_LOC_STRINGS = NO;
				SWIFT_VERSION = 5.0;
				TARGETED_DEVICE_FAMILY = "1,2";
				TEST_TARGET_NAME = IAmRichSwiftUI;
			};
			name = Release;
		};
/* End XCBuildConfiguration section */

/* Begin XCConfigurationList section */
		AEB9B7A927EC86FD00634B7F /* Build configuration list for PBXProject "IAmRichSwiftUI" */ = {
			isa = XCConfigurationList;
			buildConfigurations = (
				AEB9B7D027EC86FE00634B7F /* Debug */,
				AEB9B7D127EC86FE00634B7F /* Release */,
			);
			defaultConfigurationIsVisible = 0;
			defaultConfigurationName = Release;
		};
		AEB9B7D227EC86FE00634B7F /* Build configuration list for PBXNativeTarget "IAmRichSwiftUI" */ = {
			isa = XCConfigurationList;
			buildConfigurations = (
				AEB9B7D327EC86FE00634B7F /* Debug */,
				AEB9B7D427EC86FE00634B7F /* Release */,
			);
			defaultConfigurationIsVisible = 0;
			defaultConfigurationName = Release;
		};
		AEB9B7D527EC86FE00634B7F /* Build configuration list for PBXNativeTarget "IAmRichSwiftUITests" */ = {
			isa = XCConfigurationList;
			buildConfigurations = (
				AEB9B7D627EC86FE00634B7F /* Debug */,
				AEB9B7D727EC86FE00634B7F /* Release */,
			);
			defaultConfigurationIsVisible = 0;
			defaultConfigurationName = Release;
		};
		AEB9B7D827EC86FE00634B7F /* Build configuration list for PBXNativeTarget "IAmRichSwiftUIUITests" */ = {
			isa = XCConfigurationList;
			buildConfigurations = (
				AEB9B7D927EC86FE00634B7F /* Debug */,
				AEB9B7DA27EC86FE00634B7F /* Release */,
			);
			defaultConfigurationIsVisible = 0;
			defaultConfigurationName = Release;
		};
/* End XCConfigurationList section */
	};
	rootObject = AEB9B7A627EC86FD00634B7F /* Project object */;
}
